PODS:
  - Masonry (1.1.0)
  - SWOAuthCode (0.4.1):
    - Masonry (~> 1.1.0)

DEPENDENCIES:
  - SWOAuthCode (from `../`)

SPEC REPOS:
  https://cdn.cocoapods.org/:
    - Masonry

EXTERNAL SOURCES:
  SWOAuthCode:
    :path: "../"

SPEC CHECKSUMS:
  Masonry: 678fab65091a9290e40e2832a55e7ab731aad201
  SWOAuthCode: 51c14280d4a137933c83baa603d7e1d6db4b792d

PODFILE CHECKSUM: cb41cb439035e6ce6656f57fcfb2aca9cabf88ce

COCOAPODS: 1.8.3
